{
  "requires": true,
  "lockfileVersion": 1,
  "dependencies": {
    "expo-permissions": {
      "version": "12.0.1",
      "resolved": "https://registry.npmjs.org/expo-permissions/-/expo-permissions-12.0.1.tgz",
      "integrity": "sha512-TtypNPPLG4SdVEKBlrArLLZIyhlhE+3B4dhz2HaY1Mve2rcvKE0C7z/e1WoUVU8+LgcdKoNGwg/wRVeCkxeEhg=="
    }
  }
}
